
Microsoft Visual Studio Solution File, Format Version 12.00
# Visual Studio Version 17
VisualStudioVersion = 17.8.34330.188
MinimumVisualStudioVersion = 10.0.40219.1
Project("{FAE04EC0-301F-11D3-BF4B-00C04F79EFBC}") = "PostsAPI", "PostsAPI\PostsAPI.csproj", "{D6B44CA7-A1CD-4A2D-ADA3-7629932A1110}"
EndProject
Project("{FAE04EC0-301F-11D3-BF4B-00C04F79EFBC}") = "PostAPIBusinessLayer", "PostAPIBusinessLayer\PostAPIBusinessLayer.csproj", "{A015DCD8-4D61-42B1-B0E8-50E3B649BB7A}"
EndProject
Project("{FAE04EC0-301F-11D3-BF4B-00C04F79EFBC}") = "StudentAPIDataAccessLayer", "StudentAPIDataAccessLayer\StudentAPIDataAccessLayer.csproj", "{623311BF-7ABF-4C02-9B7D-DCA45472A70C}"
EndProject
Global
	GlobalSection(SolutionConfigurationPlatforms) = preSolution
		Debug|Any CPU = Debug|Any CPU
		Release|Any CPU = Release|Any CPU
	EndGlobalSection
	GlobalSection(ProjectConfigurationPlatforms) = postSolution
		{D6B44CA7-A1CD-4A2D-ADA3-7629932A1110}.Debug|Any CPU.ActiveCfg = Debug|Any CPU
		{D6B44CA7-A1CD-4A2D-ADA3-7629932A1110}.Debug|Any CPU.Build.0 = Debug|Any CPU
		{D6B44CA7-A1CD-4A2D-ADA3-7629932A1110}.Release|Any CPU.ActiveCfg = Release|Any CPU
		{D6B44CA7-A1CD-4A2D-ADA3-7629932A1110}.Release|Any CPU.Build.0 = Release|Any CPU
		{A015DCD8-4D61-42B1-B0E8-50E3B649BB7A}.Debug|Any CPU.ActiveCfg = Debug|Any CPU
		{A015DCD8-4D61-42B1-B0E8-50E3B649BB7A}.Debug|Any CPU.Build.0 = Debug|Any CPU
		{A015DCD8-4D61-42B1-B0E8-50E3B649BB7A}.Release|Any CPU.ActiveCfg = Release|Any CPU
		{A015DCD8-4D61-42B1-B0E8-50E3B649BB7A}.Release|Any CPU.Build.0 = Release|Any CPU
		{623311BF-7ABF-4C02-9B7D-DCA45472A70C}.Debug|Any CPU.ActiveCfg = Debug|Any CPU
		{623311BF-7ABF-4C02-9B7D-DCA45472A70C}.Debug|Any CPU.Build.0 = Debug|Any CPU
		{623311BF-7ABF-4C02-9B7D-DCA45472A70C}.Release|Any CPU.ActiveCfg = Release|Any CPU
		{623311BF-7ABF-4C02-9B7D-DCA45472A70C}.Release|Any CPU.Build.0 = Release|Any CPU
	EndGlobalSection
	GlobalSection(SolutionProperties) = preSolution
		HideSolutionNode = FALSE
	EndGlobalSection
	GlobalSection(ExtensibilityGlobals) = postSolution
		SolutionGuid = {BB8D380B-503B-476F-8FF8-6E34EB4AAACA}
	EndGlobalSection
EndGlobal
